{
  "name": "homebridge-robonect",
  "version": "1.0.13",
  "lockfileVersion": 1,
  "requires": true,
  "dependencies": {
    "bindings": {
      "version": "1.2.1",
      "resolved": "https://registry.npmjs.org/bindings/-/bindings-1.2.1.tgz",
      "integrity": "sha1-FK1hE4EtLTfXLme0ystLtyZQXxE="
    },
    "mdns": {
      "version": "2.3.4",
      "resolved": "https://registry.npmjs.org/mdns/-/mdns-2.3.4.tgz",
      "integrity": "sha512-Z4WTKeTukCtJG53SS3BGNnsGkHdIXNZa9nwGMYeoohU1AjEBPS3c/1vIx95SEfeQKYduuOMTo1E4RfXDUt2ZYg==",
      "requires": {
        "bindings": "~1.2.1",
        "nan": "~2.3.0"
      }
    },
    "nan": {
      "version": "2.3.5",
      "resolved": "https://registry.npmjs.org/nan/-/nan-2.3.5.tgz",
      "integrity": "sha1-gioNwmYpDOTNOhIoLKPn42Rmigg="
    }
  }
}
